
Microsoft Visual Studio Solution File, Format Version 12.00
# Visual Studio Version 17
VisualStudioVersion = 17.10.34928.147
MinimumVisualStudioVersion = 10.0.40219.1
Project("{9A19103F-16F7-4668-BE54-9A1E7A4F7556}") = "JavaLabs", "JavaLabs\JavaLabs.csproj", "{DDE5E3F3-81B7-4DDA-8550-B57510ED419B}"
EndProject
Project("{9A19103F-16F7-4668-BE54-9A1E7A4F7556}") = "Lab2", "Lab2\Lab2.csproj", "{1E5E1136-5700-444F-82B0-1F6636D7F779}"
EndProject
Project("{9A19103F-16F7-4668-BE54-9A1E7A4F7556}") = "Lab3", "Lab3\Lab3.csproj", "{61E95684-A35E-4C5A-9D8B-EC5C46BA23B9}"
EndProject
Project("{9A19103F-16F7-4668-BE54-9A1E7A4F7556}") = "Lab6", "Lab6\Lab6.csproj", "{4B4E4CF8-F2C5-4186-8DC1-04D2F3795C51}"
EndProject
Project("{FAE04EC0-301F-11D3-BF4B-00C04F79EFBC}") = "Lab7", "Lab7\Lab7.csproj", "{37BC35EC-98C7-4A58-B84F-45A7B8E8CCE6}"
EndProject
Project("{FAE04EC0-301F-11D3-BF4B-00C04F79EFBC}") = "Lab10", "Lab10\Lab10.csproj", "{23506FB2-EEDA-4444-BA6B-952171A9EEBF}"
EndProject
Project("{FAE04EC0-301F-11D3-BF4B-00C04F79EFBC}") = "Lab11", "Lab11\Lab11.csproj", "{C52ECA3B-99A2-410B-BDA2-623A1DB46147}"
EndProject
Project("{FAE04EC0-301F-11D3-BF4B-00C04F79EFBC}") = "Lab8", "Lab8\Lab8.csproj", "{4694F369-5E28-46F6-B2AC-9CC912D6ED23}"
EndProject
Project("{FAE04EC0-301F-11D3-BF4B-00C04F79EFBC}") = "Lab9", "Lab9\Lab9.csproj", "{1EF41971-BF41-46D1-80E6-2CD96987714D}"
EndProject
Project("{FAE04EC0-301F-11D3-BF4B-00C04F79EFBC}") = "Lab12", "Lab12\Lab12.csproj", "{20766D8A-BFDD-446C-B403-9920B6569B69}"
EndProject
Project("{FAE04EC0-301F-11D3-BF4B-00C04F79EFBC}") = "Lab13", "Lab13\Lab13.csproj", "{FDEB89CC-BBD3-41B8-BAD3-6A29D78641C0}"
EndProject
Global
	GlobalSection(SolutionConfigurationPlatforms) = preSolution
		Debug|Any CPU = Debug|Any CPU
		Debug|x64 = Debug|x64
		Debug|x86 = Debug|x86
		Release|Any CPU = Release|Any CPU
		Release|x64 = Release|x64
		Release|x86 = Release|x86
	EndGlobalSection
	GlobalSection(ProjectConfigurationPlatforms) = postSolution
		{DDE5E3F3-81B7-4DDA-8550-B57510ED419B}.Debug|Any CPU.ActiveCfg = Debug|Any CPU
		{DDE5E3F3-81B7-4DDA-8550-B57510ED419B}.Debug|Any CPU.Build.0 = Debug|Any CPU
		{DDE5E3F3-81B7-4DDA-8550-B57510ED419B}.Debug|x64.ActiveCfg = Debug|Any CPU
		{DDE5E3F3-81B7-4DDA-8550-B57510ED419B}.Debug|x64.Build.0 = Debug|Any CPU
		{DDE5E3F3-81B7-4DDA-8550-B57510ED419B}.Debug|x86.ActiveCfg = Debug|Any CPU
		{DDE5E3F3-81B7-4DDA-8550-B57510ED419B}.Debug|x86.Build.0 = Debug|Any CPU
		{DDE5E3F3-81B7-4DDA-8550-B57510ED419B}.Release|Any CPU.ActiveCfg = Release|Any CPU
		{DDE5E3F3-81B7-4DDA-8550-B57510ED419B}.Release|Any CPU.Build.0 = Release|Any CPU
		{DDE5E3F3-81B7-4DDA-8550-B57510ED419B}.Release|x64.ActiveCfg = Release|Any CPU
		{DDE5E3F3-81B7-4DDA-8550-B57510ED419B}.Release|x64.Build.0 = Release|Any CPU
		{DDE5E3F3-81B7-4DDA-8550-B57510ED419B}.Release|x86.ActiveCfg = Release|Any CPU
		{DDE5E3F3-81B7-4DDA-8550-B57510ED419B}.Release|x86.Build.0 = Release|Any CPU
		{1E5E1136-5700-444F-82B0-1F6636D7F779}.Debug|Any CPU.ActiveCfg = Debug|Any CPU
		{1E5E1136-5700-444F-82B0-1F6636D7F779}.Debug|Any CPU.Build.0 = Debug|Any CPU
		{1E5E1136-5700-444F-82B0-1F6636D7F779}.Debug|x64.ActiveCfg = Debug|Any CPU
		{1E5E1136-5700-444F-82B0-1F6636D7F779}.Debug|x64.Build.0 = Debug|Any CPU
		{1E5E1136-5700-444F-82B0-1F6636D7F779}.Debug|x86.ActiveCfg = Debug|Any CPU
		{1E5E1136-5700-444F-82B0-1F6636D7F779}.Debug|x86.Build.0 = Debug|Any CPU
		{1E5E1136-5700-444F-82B0-1F6636D7F779}.Release|Any CPU.ActiveCfg = Release|Any CPU
		{1E5E1136-5700-444F-82B0-1F6636D7F779}.Release|Any CPU.Build.0 = Release|Any CPU
		{1E5E1136-5700-444F-82B0-1F6636D7F779}.Release|x64.ActiveCfg = Release|Any CPU
		{1E5E1136-5700-444F-82B0-1F6636D7F779}.Release|x64.Build.0 = Release|Any CPU
		{1E5E1136-5700-444F-82B0-1F6636D7F779}.Release|x86.ActiveCfg = Release|Any CPU
		{1E5E1136-5700-444F-82B0-1F6636D7F779}.Release|x86.Build.0 = Release|Any CPU
		{61E95684-A35E-4C5A-9D8B-EC5C46BA23B9}.Debug|Any CPU.ActiveCfg = Debug|Any CPU
		{61E95684-A35E-4C5A-9D8B-EC5C46BA23B9}.Debug|Any CPU.Build.0 = Debug|Any CPU
		{61E95684-A35E-4C5A-9D8B-EC5C46BA23B9}.Debug|x64.ActiveCfg = Debug|Any CPU
		{61E95684-A35E-4C5A-9D8B-EC5C46BA23B9}.Debug|x64.Build.0 = Debug|Any CPU
		{61E95684-A35E-4C5A-9D8B-EC5C46BA23B9}.Debug|x86.ActiveCfg = Debug|Any CPU
		{61E95684-A35E-4C5A-9D8B-EC5C46BA23B9}.Debug|x86.Build.0 = Debug|Any CPU
		{61E95684-A35E-4C5A-9D8B-EC5C46BA23B9}.Release|Any CPU.ActiveCfg = Release|Any CPU
		{61E95684-A35E-4C5A-9D8B-EC5C46BA23B9}.Release|Any CPU.Build.0 = Release|Any CPU
		{61E95684-A35E-4C5A-9D8B-EC5C46BA23B9}.Release|x64.ActiveCfg = Release|Any CPU
		{61E95684-A35E-4C5A-9D8B-EC5C46BA23B9}.Release|x64.Build.0 = Release|Any CPU
		{61E95684-A35E-4C5A-9D8B-EC5C46BA23B9}.Release|x86.ActiveCfg = Release|Any CPU
		{61E95684-A35E-4C5A-9D8B-EC5C46BA23B9}.Release|x86.Build.0 = Release|Any CPU
		{4B4E4CF8-F2C5-4186-8DC1-04D2F3795C51}.Debug|Any CPU.ActiveCfg = Debug|Any CPU
		{4B4E4CF8-F2C5-4186-8DC1-04D2F3795C51}.Debug|Any CPU.Build.0 = Debug|Any CPU
		{4B4E4CF8-F2C5-4186-8DC1-04D2F3795C51}.Debug|x64.ActiveCfg = Debug|Any CPU
		{4B4E4CF8-F2C5-4186-8DC1-04D2F3795C51}.Debug|x64.Build.0 = Debug|Any CPU
		{4B4E4CF8-F2C5-4186-8DC1-04D2F3795C51}.Debug|x86.ActiveCfg = Debug|Any CPU
		{4B4E4CF8-F2C5-4186-8DC1-04D2F3795C51}.Debug|x86.Build.0 = Debug|Any CPU
		{4B4E4CF8-F2C5-4186-8DC1-04D2F3795C51}.Release|Any CPU.ActiveCfg = Release|Any CPU
		{4B4E4CF8-F2C5-4186-8DC1-04D2F3795C51}.Release|Any CPU.Build.0 = Release|Any CPU
		{4B4E4CF8-F2C5-4186-8DC1-04D2F3795C51}.Release|x64.ActiveCfg = Release|Any CPU
		{4B4E4CF8-F2C5-4186-8DC1-04D2F3795C51}.Release|x64.Build.0 = Release|Any CPU
		{4B4E4CF8-F2C5-4186-8DC1-04D2F3795C51}.Release|x86.ActiveCfg = Release|Any CPU
		{4B4E4CF8-F2C5-4186-8DC1-04D2F3795C51}.Release|x86.Build.0 = Release|Any CPU
		{37BC35EC-98C7-4A58-B84F-45A7B8E8CCE6}.Debug|Any CPU.ActiveCfg = Debug|Any CPU
		{37BC35EC-98C7-4A58-B84F-45A7B8E8CCE6}.Debug|Any CPU.Build.0 = Debug|Any CPU
		{37BC35EC-98C7-4A58-B84F-45A7B8E8CCE6}.Debug|x64.ActiveCfg = Debug|Any CPU
		{37BC35EC-98C7-4A58-B84F-45A7B8E8CCE6}.Debug|x64.Build.0 = Debug|Any CPU
		{37BC35EC-98C7-4A58-B84F-45A7B8E8CCE6}.Debug|x86.ActiveCfg = Debug|Any CPU
		{37BC35EC-98C7-4A58-B84F-45A7B8E8CCE6}.Debug|x86.Build.0 = Debug|Any CPU
		{37BC35EC-98C7-4A58-B84F-45A7B8E8CCE6}.Release|Any CPU.ActiveCfg = Release|Any CPU
		{37BC35EC-98C7-4A58-B84F-45A7B8E8CCE6}.Release|Any CPU.Build.0 = Release|Any CPU
		{37BC35EC-98C7-4A58-B84F-45A7B8E8CCE6}.Release|x64.ActiveCfg = Release|Any CPU
		{37BC35EC-98C7-4A58-B84F-45A7B8E8CCE6}.Release|x64.Build.0 = Release|Any CPU
		{37BC35EC-98C7-4A58-B84F-45A7B8E8CCE6}.Release|x86.ActiveCfg = Release|Any CPU
		{37BC35EC-98C7-4A58-B84F-45A7B8E8CCE6}.Release|x86.Build.0 = Release|Any CPU
		{23506FB2-EEDA-4444-BA6B-952171A9EEBF}.Debug|Any CPU.ActiveCfg = Debug|Any CPU
		{23506FB2-EEDA-4444-BA6B-952171A9EEBF}.Debug|Any CPU.Build.0 = Debug|Any CPU
		{23506FB2-EEDA-4444-BA6B-952171A9EEBF}.Debug|x64.ActiveCfg = Debug|Any CPU
		{23506FB2-EEDA-4444-BA6B-952171A9EEBF}.Debug|x64.Build.0 = Debug|Any CPU
		{23506FB2-EEDA-4444-BA6B-952171A9EEBF}.Debug|x86.ActiveCfg = Debug|Any CPU
		{23506FB2-EEDA-4444-BA6B-952171A9EEBF}.Debug|x86.Build.0 = Debug|Any CPU
		{23506FB2-EEDA-4444-BA6B-952171A9EEBF}.Release|Any CPU.ActiveCfg = Release|Any CPU
		{23506FB2-EEDA-4444-BA6B-952171A9EEBF}.Release|Any CPU.Build.0 = Release|Any CPU
		{23506FB2-EEDA-4444-BA6B-952171A9EEBF}.Release|x64.ActiveCfg = Release|Any CPU
		{23506FB2-EEDA-4444-BA6B-952171A9EEBF}.Release|x64.Build.0 = Release|Any CPU
		{23506FB2-EEDA-4444-BA6B-952171A9EEBF}.Release|x86.ActiveCfg = Release|Any CPU
		{23506FB2-EEDA-4444-BA6B-952171A9EEBF}.Release|x86.Build.0 = Release|Any CPU
		{C52ECA3B-99A2-410B-BDA2-623A1DB46147}.Debug|Any CPU.ActiveCfg = Debug|Any CPU
		{C52ECA3B-99A2-410B-BDA2-623A1DB46147}.Debug|Any CPU.Build.0 = Debug|Any CPU
		{C52ECA3B-99A2-410B-BDA2-623A1DB46147}.Debug|x64.ActiveCfg = Debug|Any CPU
		{C52ECA3B-99A2-410B-BDA2-623A1DB46147}.Debug|x64.Build.0 = Debug|Any CPU
		{C52ECA3B-99A2-410B-BDA2-623A1DB46147}.Debug|x86.ActiveCfg = Debug|Any CPU
		{C52ECA3B-99A2-410B-BDA2-623A1DB46147}.Debug|x86.Build.0 = Debug|Any CPU
		{C52ECA3B-99A2-410B-BDA2-623A1DB46147}.Release|Any CPU.ActiveCfg = Release|Any CPU
		{C52ECA3B-99A2-410B-BDA2-623A1DB46147}.Release|Any CPU.Build.0 = Release|Any CPU
		{C52ECA3B-99A2-410B-BDA2-623A1DB46147}.Release|x64.ActiveCfg = Release|Any CPU
		{C52ECA3B-99A2-410B-BDA2-623A1DB46147}.Release|x64.Build.0 = Release|Any CPU
		{C52ECA3B-99A2-410B-BDA2-623A1DB46147}.Release|x86.ActiveCfg = Release|Any CPU
		{C52ECA3B-99A2-410B-BDA2-623A1DB46147}.Release|x86.Build.0 = Release|Any CPU
		{4694F369-5E28-46F6-B2AC-9CC912D6ED23}.Debug|Any CPU.ActiveCfg = Debug|Any CPU
		{4694F369-5E28-46F6-B2AC-9CC912D6ED23}.Debug|Any CPU.Build.0 = Debug|Any CPU
		{4694F369-5E28-46F6-B2AC-9CC912D6ED23}.Debug|x64.ActiveCfg = Debug|Any CPU
		{4694F369-5E28-46F6-B2AC-9CC912D6ED23}.Debug|x64.Build.0 = Debug|Any CPU
		{4694F369-5E28-46F6-B2AC-9CC912D6ED23}.Debug|x86.ActiveCfg = Debug|Any CPU
		{4694F369-5E28-46F6-B2AC-9CC912D6ED23}.Debug|x86.Build.0 = Debug|Any CPU
		{4694F369-5E28-46F6-B2AC-9CC912D6ED23}.Release|Any CPU.ActiveCfg = Release|Any CPU
		{4694F369-5E28-46F6-B2AC-9CC912D6ED23}.Release|Any CPU.Build.0 = Release|Any CPU
		{4694F369-5E28-46F6-B2AC-9CC912D6ED23}.Release|x64.ActiveCfg = Release|Any CPU
		{4694F369-5E28-46F6-B2AC-9CC912D6ED23}.Release|x64.Build.0 = Release|Any CPU
		{4694F369-5E28-46F6-B2AC-9CC912D6ED23}.Release|x86.ActiveCfg = Release|Any CPU
		{4694F369-5E28-46F6-B2AC-9CC912D6ED23}.Release|x86.Build.0 = Release|Any CPU
		{1EF41971-BF41-46D1-80E6-2CD96987714D}.Debug|Any CPU.ActiveCfg = Debug|Any CPU
		{1EF41971-BF41-46D1-80E6-2CD96987714D}.Debug|Any CPU.Build.0 = Debug|Any CPU
		{1EF41971-BF41-46D1-80E6-2CD96987714D}.Debug|x64.ActiveCfg = Debug|Any CPU
		{1EF41971-BF41-46D1-80E6-2CD96987714D}.Debug|x64.Build.0 = Debug|Any CPU
		{1EF41971-BF41-46D1-80E6-2CD96987714D}.Debug|x86.ActiveCfg = Debug|Any CPU
		{1EF41971-BF41-46D1-80E6-2CD96987714D}.Debug|x86.Build.0 = Debug|Any CPU
		{1EF41971-BF41-46D1-80E6-2CD96987714D}.Release|Any CPU.ActiveCfg = Release|Any CPU
		{1EF41971-BF41-46D1-80E6-2CD96987714D}.Release|Any CPU.Build.0 = Release|Any CPU
		{1EF41971-BF41-46D1-80E6-2CD96987714D}.Release|x64.ActiveCfg = Release|Any CPU
		{1EF41971-BF41-46D1-80E6-2CD96987714D}.Release|x64.Build.0 = Release|Any CPU
		{1EF41971-BF41-46D1-80E6-2CD96987714D}.Release|x86.ActiveCfg = Release|Any CPU
		{1EF41971-BF41-46D1-80E6-2CD96987714D}.Release|x86.Build.0 = Release|Any CPU
		{20766D8A-BFDD-446C-B403-9920B6569B69}.Debug|Any CPU.ActiveCfg = Debug|Any CPU
		{20766D8A-BFDD-446C-B403-9920B6569B69}.Debug|Any CPU.Build.0 = Debug|Any CPU
		{20766D8A-BFDD-446C-B403-9920B6569B69}.Debug|x64.ActiveCfg = Debug|Any CPU
		{20766D8A-BFDD-446C-B403-9920B6569B69}.Debug|x64.Build.0 = Debug|Any CPU
		{20766D8A-BFDD-446C-B403-9920B6569B69}.Debug|x86.ActiveCfg = Debug|Any CPU
		{20766D8A-BFDD-446C-B403-9920B6569B69}.Debug|x86.Build.0 = Debug|Any CPU
		{20766D8A-BFDD-446C-B403-9920B6569B69}.Release|Any CPU.ActiveCfg = Release|Any CPU
		{20766D8A-BFDD-446C-B403-9920B6569B69}.Release|Any CPU.Build.0 = Release|Any CPU
		{20766D8A-BFDD-446C-B403-9920B6569B69}.Release|x64.ActiveCfg = Release|Any CPU
		{20766D8A-BFDD-446C-B403-9920B6569B69}.Release|x64.Build.0 = Release|Any CPU
		{20766D8A-BFDD-446C-B403-9920B6569B69}.Release|x86.ActiveCfg = Release|Any CPU
		{20766D8A-BFDD-446C-B403-9920B6569B69}.Release|x86.Build.0 = Release|Any CPU
		{FDEB89CC-BBD3-41B8-BAD3-6A29D78641C0}.Debug|Any CPU.ActiveCfg = Debug|Any CPU
		{FDEB89CC-BBD3-41B8-BAD3-6A29D78641C0}.Debug|Any CPU.Build.0 = Debug|Any CPU
		{FDEB89CC-BBD3-41B8-BAD3-6A29D78641C0}.Debug|x64.ActiveCfg = Debug|Any CPU
		{FDEB89CC-BBD3-41B8-BAD3-6A29D78641C0}.Debug|x64.Build.0 = Debug|Any CPU
		{FDEB89CC-BBD3-41B8-BAD3-6A29D78641C0}.Debug|x86.ActiveCfg = Debug|Any CPU
		{FDEB89CC-BBD3-41B8-BAD3-6A29D78641C0}.Debug|x86.Build.0 = Debug|Any CPU
		{FDEB89CC-BBD3-41B8-BAD3-6A29D78641C0}.Release|Any CPU.ActiveCfg = Release|Any CPU
		{FDEB89CC-BBD3-41B8-BAD3-6A29D78641C0}.Release|Any CPU.Build.0 = Release|Any CPU
		{FDEB89CC-BBD3-41B8-BAD3-6A29D78641C0}.Release|x64.ActiveCfg = Release|Any CPU
		{FDEB89CC-BBD3-41B8-BAD3-6A29D78641C0}.Release|x64.Build.0 = Release|Any CPU
		{FDEB89CC-BBD3-41B8-BAD3-6A29D78641C0}.Release|x86.ActiveCfg = Release|Any CPU
		{FDEB89CC-BBD3-41B8-BAD3-6A29D78641C0}.Release|x86.Build.0 = Release|Any CPU
	EndGlobalSection
	GlobalSection(SolutionProperties) = preSolution
		HideSolutionNode = FALSE
	EndGlobalSection
	GlobalSection(ExtensibilityGlobals) = postSolution
		SolutionGuid = {99F30158-8898-40B7-BE08-9CCADB861A03}
	EndGlobalSection
EndGlobal
